
Microsoft Visual Studio Solution File, Format Version 12.00
# Visual Studio Version 16
VisualStudioVersion = 16.0.30804.86
MinimumVisualStudioVersion = 10.0.40219.1
Project("{FAE04EC0-301F-11D3-BF4B-00C04F79EFBC}") = "DataAccess", "DataAccess\DataAccess.csproj", "{D8B786C8-D3B4-4627-AC54-C7E489897B81}"
EndProject
Project("{FAE04EC0-301F-11D3-BF4B-00C04F79EFBC}") = "Business", "Business\Business.csproj", "{ED8515BD-5ABD-4459-B397-B8D20E83F5E9}"
EndProject
Project("{FAE04EC0-301F-11D3-BF4B-00C04F79EFBC}") = "Entities", "Entities\Entities.csproj", "{6A8F137E-1202-4BA2-9156-142CE63A658A}"
EndProject
Project("{FAE04EC0-301F-11D3-BF4B-00C04F79EFBC}") = "ConsoleUI", "ConsoleUI\ConsoleUI.csproj", "{C136D7A2-A02D-4ECC-951E-884CDCA759F7}"
EndProject
Global
	GlobalSection(SolutionConfigurationPlatforms) = preSolution
		Debug|Any CPU = Debug|Any CPU
		Release|Any CPU = Release|Any CPU
	EndGlobalSection
	GlobalSection(ProjectConfigurationPlatforms) = postSolution
		{D8B786C8-D3B4-4627-AC54-C7E489897B81}.Debug|Any CPU.ActiveCfg = Debug|Any CPU
		{D8B786C8-D3B4-4627-AC54-C7E489897B81}.Debug|Any CPU.Build.0 = Debug|Any CPU
		{D8B786C8-D3B4-4627-AC54-C7E489897B81}.Release|Any CPU.ActiveCfg = Release|Any CPU
		{D8B786C8-D3B4-4627-AC54-C7E489897B81}.Release|Any CPU.Build.0 = Release|Any CPU
		{ED8515BD-5ABD-4459-B397-B8D20E83F5E9}.Debug|Any CPU.ActiveCfg = Debug|Any CPU
		{ED8515BD-5ABD-4459-B397-B8D20E83F5E9}.Debug|Any CPU.Build.0 = Debug|Any CPU
		{ED8515BD-5ABD-4459-B397-B8D20E83F5E9}.Release|Any CPU.ActiveCfg = Release|Any CPU
		{ED8515BD-5ABD-4459-B397-B8D20E83F5E9}.Release|Any CPU.Build.0 = Release|Any CPU
		{6A8F137E-1202-4BA2-9156-142CE63A658A}.Debug|Any CPU.ActiveCfg = Debug|Any CPU
		{6A8F137E-1202-4BA2-9156-142CE63A658A}.Debug|Any CPU.Build.0 = Debug|Any CPU
		{6A8F137E-1202-4BA2-9156-142CE63A658A}.Release|Any CPU.ActiveCfg = Release|Any CPU
		{6A8F137E-1202-4BA2-9156-142CE63A658A}.Release|Any CPU.Build.0 = Release|Any CPU
		{C136D7A2-A02D-4ECC-951E-884CDCA759F7}.Debug|Any CPU.ActiveCfg = Debug|Any CPU
		{C136D7A2-A02D-4ECC-951E-884CDCA759F7}.Debug|Any CPU.Build.0 = Debug|Any CPU
		{C136D7A2-A02D-4ECC-951E-884CDCA759F7}.Release|Any CPU.ActiveCfg = Release|Any CPU
		{C136D7A2-A02D-4ECC-951E-884CDCA759F7}.Release|Any CPU.Build.0 = Release|Any CPU
	EndGlobalSection
	GlobalSection(SolutionProperties) = preSolution
		HideSolutionNode = FALSE
	EndGlobalSection
	GlobalSection(ExtensibilityGlobals) = postSolution
		SolutionGuid = {AAFF541F-78FA-4B43-BA7C-B62E3E367721}
	EndGlobalSection
EndGlobal
